
Microsoft Visual Studio Solution File, Format Version 12.00
# Visual Studio Version 16
VisualStudioVersion = 16.0.31424.327
MinimumVisualStudioVersion = 10.0.40219.1
Project("{8BC9CEB8-8B4A-11D0-8D11-00A0C91BC942}") = "CryLogger", "CryLogger\CryLogger.vcxproj", "{DB99C505-1086-4065-BB4A-A08357DA3238}"
EndProject
Project("{FAE04EC0-301F-11D3-BF4B-00C04F79EFBC}") = "LoggingDisplay", "LoggingDisplay\LoggingDisplay.csproj", "{1F76505E-5718-4EEC-BD92-7A58EA067381}"
EndProject
Global
	GlobalSection(SolutionConfigurationPlatforms) = preSolution
		Debug|Any CPU = Debug|Any CPU
		Debug|x64 = Debug|x64
		Debug|x86 = Debug|x86
		Release|Any CPU = Release|Any CPU
		Release|x64 = Release|x64
		Release|x86 = Release|x86
	EndGlobalSection
	GlobalSection(ProjectConfigurationPlatforms) = postSolution
		{DB99C505-1086-4065-BB4A-A08357DA3238}.Debug|Any CPU.ActiveCfg = Debug|Win32
		{DB99C505-1086-4065-BB4A-A08357DA3238}.Debug|x64.ActiveCfg = Debug|x64
		{DB99C505-1086-4065-BB4A-A08357DA3238}.Debug|x64.Build.0 = Debug|x64
		{DB99C505-1086-4065-BB4A-A08357DA3238}.Debug|x86.ActiveCfg = Debug|Win32
		{DB99C505-1086-4065-BB4A-A08357DA3238}.Debug|x86.Build.0 = Debug|Win32
		{DB99C505-1086-4065-BB4A-A08357DA3238}.Release|Any CPU.ActiveCfg = Release|Win32
		{DB99C505-1086-4065-BB4A-A08357DA3238}.Release|x64.ActiveCfg = Release|x64
		{DB99C505-1086-4065-BB4A-A08357DA3238}.Release|x64.Build.0 = Release|x64
		{DB99C505-1086-4065-BB4A-A08357DA3238}.Release|x86.ActiveCfg = Release|Win32
		{DB99C505-1086-4065-BB4A-A08357DA3238}.Release|x86.Build.0 = Release|Win32
		{1F76505E-5718-4EEC-BD92-7A58EA067381}.Debug|Any CPU.ActiveCfg = Debug|Any CPU
		{1F76505E-5718-4EEC-BD92-7A58EA067381}.Debug|Any CPU.Build.0 = Debug|Any CPU
		{1F76505E-5718-4EEC-BD92-7A58EA067381}.Debug|x64.ActiveCfg = Debug|Any CPU
		{1F76505E-5718-4EEC-BD92-7A58EA067381}.Debug|x64.Build.0 = Debug|Any CPU
		{1F76505E-5718-4EEC-BD92-7A58EA067381}.Debug|x86.ActiveCfg = Debug|Any CPU
		{1F76505E-5718-4EEC-BD92-7A58EA067381}.Debug|x86.Build.0 = Debug|Any CPU
		{1F76505E-5718-4EEC-BD92-7A58EA067381}.Release|Any CPU.ActiveCfg = Release|Any CPU
		{1F76505E-5718-4EEC-BD92-7A58EA067381}.Release|Any CPU.Build.0 = Release|Any CPU
		{1F76505E-5718-4EEC-BD92-7A58EA067381}.Release|x64.ActiveCfg = Release|Any CPU
		{1F76505E-5718-4EEC-BD92-7A58EA067381}.Release|x64.Build.0 = Release|Any CPU
		{1F76505E-5718-4EEC-BD92-7A58EA067381}.Release|x86.ActiveCfg = Release|Any CPU
		{1F76505E-5718-4EEC-BD92-7A58EA067381}.Release|x86.Build.0 = Release|Any CPU
	EndGlobalSection
	GlobalSection(SolutionProperties) = preSolution
		HideSolutionNode = FALSE
	EndGlobalSection
	GlobalSection(ExtensibilityGlobals) = postSolution
		SolutionGuid = {129348A6-34CC-4B71-8DA0-3FCCF54E2C1F}
	EndGlobalSection
EndGlobal
